{
  "name": "openai-proxy-server",
  "version": "0.2.1",
  "lockfileVersion": 3,
  "requires": true,
  "packages": {
    "": {
      "name": "openai-proxy-server",
      "version": "0.2.1",
      "license": "MIT",
      "bin": {
        "openai-proxy-server": "bin/openai-proxy-server.js"
      },
      "engines": {
        "node": ">=20.0.0"
      }
    }
  }
}
